
Microsoft Visual Studio Solution File, Format Version 12.00
# Visual Studio Version 16
VisualStudioVersion = 16.0.31205.134
MinimumVisualStudioVersion = 10.0.40219.1
Project("{FAE04EC0-301F-11D3-BF4B-00C04F79EFBC}") = "VCStockPro", "VCStockPro.csproj", "{ADCC5E7E-601E-4C09-A900-7DC334B71C9C}"
EndProject
Global
	GlobalSection(SolutionConfigurationPlatforms) = preSolution
		Debug|Any CPU = Debug|Any CPU
		Release|Any CPU = Release|Any CPU
	EndGlobalSection
	GlobalSection(ProjectConfigurationPlatforms) = postSolution
		{ADCC5E7E-601E-4C09-A900-7DC334B71C9C}.Debug|Any CPU.ActiveCfg = Debug|Any CPU
		{ADCC5E7E-601E-4C09-A900-7DC334B71C9C}.Debug|Any CPU.Build.0 = Debug|Any CPU
		{ADCC5E7E-601E-4C09-A900-7DC334B71C9C}.Release|Any CPU.ActiveCfg = Release|Any CPU
		{ADCC5E7E-601E-4C09-A900-7DC334B71C9C}.Release|Any CPU.Build.0 = Release|Any CPU
	EndGlobalSection
	GlobalSection(SolutionProperties) = preSolution
		HideSolutionNode = FALSE
	EndGlobalSection
	GlobalSection(ExtensibilityGlobals) = postSolution
		SolutionGuid = {45B61E7F-D3F7-4A8D-AFDE-D5E9016DBE07}
	EndGlobalSection
EndGlobal
